Microsoft Visual Studio Solution File, Format Version 11.00
# Visual Studio 2008

Project("{7AA120B7-8B08-ED5F-4597-88BE1EA69ACD}") = "Bonpaquet", "Assembly-CSharp-vs.csproj", "{4203AF7F-5C0D-B565-1D63-4D6ED38A26DA}"
EndProject
Project("{7AA120B7-8B08-ED5F-4597-88BE1EA69ACD}") = "Bonpaquet", "Assembly-CSharp-Editor-vs.csproj", "{12CCE445-C505-D372-7CC7-D9B04F5E36B0}"
EndProject
Global
	GlobalSection(SolutionConfigurationPlatforms) = preSolution
		Debug|Any CPU = Debug|Any CPU
		Release|Any CPU = Release|Any CPU
	EndGlobalSection
	GlobalSection(ProjectConfigurationPlatforms) = postSolution
		{4203AF7F-5C0D-B565-1D63-4D6ED38A26DA}.Debug|Any CPU.ActiveCfg = Debug|Any CPU
		{4203AF7F-5C0D-B565-1D63-4D6ED38A26DA}.Debug|Any CPU.Build.0 = Debug|Any CPU
		{4203AF7F-5C0D-B565-1D63-4D6ED38A26DA}.Release|Any CPU.ActiveCfg = Release|Any CPU
		{4203AF7F-5C0D-B565-1D63-4D6ED38A26DA}.Release|Any CPU.Build.0 = Release|Any CPU
		{12CCE445-C505-D372-7CC7-D9B04F5E36B0}.Debug|Any CPU.ActiveCfg = Debug|Any CPU
		{12CCE445-C505-D372-7CC7-D9B04F5E36B0}.Debug|Any CPU.Build.0 = Debug|Any CPU
		{12CCE445-C505-D372-7CC7-D9B04F5E36B0}.Release|Any CPU.ActiveCfg = Release|Any CPU
		{12CCE445-C505-D372-7CC7-D9B04F5E36B0}.Release|Any CPU.Build.0 = Release|Any CPU
	EndGlobalSection
	GlobalSection(SolutionProperties) = preSolution
		HideSolutionNode = FALSE
	EndGlobalSection
																																																																																																																																																																																																																																											GlobalSection(MonoDevelopProperties) = preSolution
		StartupItem = Assembly-CSharp.csproj
		Policies = $0
		$0.TextStylePolicy = $1
		$1.inheritsSet = null
		$1.scope = text/x-csharp
		$0.CSharpFormattingPolicy = $2
		$2.inheritsSet = Mono
		$2.inheritsScope = text/x-csharp
		$2.scope = text/x-csharp
		$0.TextStylePolicy = $3
		$3.FileWidth = 120
		$3.TabWidth = 4
		$3.EolMarker = Unix
		$3.inheritsSet = Mono
		$3.inheritsScope = text/plain
		$3.scope = text/plain
	EndGlobalSection

EndGlobal
